
Microsoft Visual Studio Solution File, Format Version 12.00
# Visual Studio Version 16
VisualStudioVersion = 16.0.35229.62
MinimumVisualStudioVersion = 10.0.40219.1
Project("{FAE04EC0-301F-11D3-BF4B-00C04F79EFBC}") = "Joystick Test", "Joystick Test\Joystick Test.csproj", "{BA3ECDE9-6125-4BC1-8542-D79A81B08F73}"
EndProject
Global
	GlobalSection(SolutionConfigurationPlatforms) = preSolution
		Debug|Any CPU = Debug|Any CPU
		Release|Any CPU = Release|Any CPU
	EndGlobalSection
	GlobalSection(ProjectConfigurationPlatforms) = postSolution
		{BA3ECDE9-6125-4BC1-8542-D79A81B08F73}.Debug|Any CPU.ActiveCfg = Debug|Any CPU
		{BA3ECDE9-6125-4BC1-8542-D79A81B08F73}.Debug|Any CPU.Build.0 = Debug|Any CPU
		{BA3ECDE9-6125-4BC1-8542-D79A81B08F73}.Release|Any CPU.ActiveCfg = Release|Any CPU
		{BA3ECDE9-6125-4BC1-8542-D79A81B08F73}.Release|Any CPU.Build.0 = Release|Any CPU
	EndGlobalSection
	GlobalSection(SolutionProperties) = preSolution
		HideSolutionNode = FALSE
	EndGlobalSection
	GlobalSection(ExtensibilityGlobals) = postSolution
		SolutionGuid = {FBE3F9D9-7C1F-4720-83DB-A27B8A6AB713}
	EndGlobalSection
EndGlobal
